
Microsoft Visual Studio Solution File, Format Version 12.00
# Visual Studio Version 17
VisualStudioVersion = 17.10.35013.160
MinimumVisualStudioVersion = 10.0.40219.1
Project("{FAE04EC0-301F-11D3-BF4B-00C04F79EFBC}") = "GADE _ 1B - Part 1", "GADE _ 1B - Part 1\GADE _ 1B - Part 1.csproj", "{0096D8B3-5034-48DE-AE6B-3AAD9963AB89}"
EndProject
Global
	GlobalSection(SolutionConfigurationPlatforms) = preSolution
		Debug|Any CPU = Debug|Any CPU
		Release|Any CPU = Release|Any CPU
	EndGlobalSection
	GlobalSection(ProjectConfigurationPlatforms) = postSolution
		{0096D8B3-5034-48DE-AE6B-3AAD9963AB89}.Debug|Any CPU.ActiveCfg = Debug|Any CPU
		{0096D8B3-5034-48DE-AE6B-3AAD9963AB89}.Debug|Any CPU.Build.0 = Debug|Any CPU
		{0096D8B3-5034-48DE-AE6B-3AAD9963AB89}.Release|Any CPU.ActiveCfg = Release|Any CPU
		{0096D8B3-5034-48DE-AE6B-3AAD9963AB89}.Release|Any CPU.Build.0 = Release|Any CPU
	EndGlobalSection
	GlobalSection(SolutionProperties) = preSolution
		HideSolutionNode = FALSE
	EndGlobalSection
	GlobalSection(ExtensibilityGlobals) = postSolution
		SolutionGuid = {EEB03D6C-CB30-4305-A2EE-E41212ED6C39}
	EndGlobalSection
EndGlobal
